
Microsoft Visual Studio Solution File, Format Version 12.00
Project("{FAE04EC0-301F-11D3-BF4B-00C04F79EFBC}") = "PilaDinamica", "PilaDinamica\PilaDinamica.csproj", "{1A839574-6491-439A-8EDA-D13A8F96690C}"
EndProject
Global
	GlobalSection(SolutionConfigurationPlatforms) = preSolution
		Debug|Any CPU = Debug|Any CPU
		Release|Any CPU = Release|Any CPU
	EndGlobalSection
	GlobalSection(ProjectConfigurationPlatforms) = postSolution
		{1A839574-6491-439A-8EDA-D13A8F96690C}.Debug|Any CPU.ActiveCfg = Debug|Any CPU
		{1A839574-6491-439A-8EDA-D13A8F96690C}.Debug|Any CPU.Build.0 = Debug|Any CPU
		{1A839574-6491-439A-8EDA-D13A8F96690C}.Release|Any CPU.ActiveCfg = Release|Any CPU
		{1A839574-6491-439A-8EDA-D13A8F96690C}.Release|Any CPU.Build.0 = Release|Any CPU
	EndGlobalSection
EndGlobal
