
Microsoft Visual Studio Solution File, Format Version 12.00
Project("{FAE04EC0-301F-11D3-BF4B-00C04F79EFBC}") = "TaulaLlista", "TaulaLlista\TaulaLlista.csproj", "{9588374F-9782-40DC-9FF3-AF5DCB1BFBA2}"
EndProject
Global
	GlobalSection(SolutionConfigurationPlatforms) = preSolution
		Debug|Any CPU = Debug|Any CPU
		Release|Any CPU = Release|Any CPU
	EndGlobalSection
	GlobalSection(ProjectConfigurationPlatforms) = postSolution
		{9588374F-9782-40DC-9FF3-AF5DCB1BFBA2}.Debug|Any CPU.ActiveCfg = Debug|Any CPU
		{9588374F-9782-40DC-9FF3-AF5DCB1BFBA2}.Debug|Any CPU.Build.0 = Debug|Any CPU
		{9588374F-9782-40DC-9FF3-AF5DCB1BFBA2}.Release|Any CPU.ActiveCfg = Release|Any CPU
		{9588374F-9782-40DC-9FF3-AF5DCB1BFBA2}.Release|Any CPU.Build.0 = Release|Any CPU
	EndGlobalSection
EndGlobal
