
Microsoft Visual Studio Solution File, Format Version 12.00
# Visual Studio Version 17
VisualStudioVersion = 17.7.34031.279
MinimumVisualStudioVersion = 10.0.40219.1
Project("{FAE04EC0-301F-11D3-BF4B-00C04F79EFBC}") = "Execici1", "Execici1\Execici1.csproj", "{500FCDD6-A53C-416E-9930-BEB4958493BB}"
EndProject
Global
	GlobalSection(SolutionConfigurationPlatforms) = preSolution
		Debug|Any CPU = Debug|Any CPU
		Release|Any CPU = Release|Any CPU
	EndGlobalSection
	GlobalSection(ProjectConfigurationPlatforms) = postSolution
		{500FCDD6-A53C-416E-9930-BEB4958493BB}.Debug|Any CPU.ActiveCfg = Debug|Any CPU
		{500FCDD6-A53C-416E-9930-BEB4958493BB}.Debug|Any CPU.Build.0 = Debug|Any CPU
		{500FCDD6-A53C-416E-9930-BEB4958493BB}.Release|Any CPU.ActiveCfg = Release|Any CPU
		{500FCDD6-A53C-416E-9930-BEB4958493BB}.Release|Any CPU.Build.0 = Release|Any CPU
	EndGlobalSection
	GlobalSection(SolutionProperties) = preSolution
		HideSolutionNode = FALSE
	EndGlobalSection
	GlobalSection(ExtensibilityGlobals) = postSolution
		SolutionGuid = {9D2B680C-9015-49A8-AC60-461D586B845D}
	EndGlobalSection
EndGlobal
