
Microsoft Visual Studio Solution File, Format Version 12.00
Project("{FAE04EC0-301F-11D3-BF4B-00C04F79EFBC}") = "CuaGenerica", "CuaGenerica\CuaGenerica.csproj", "{7FFF5E32-92B4-455E-9381-045A8ED6AE2E}"
EndProject
Global
	GlobalSection(SolutionConfigurationPlatforms) = preSolution
		Debug|Any CPU = Debug|Any CPU
		Release|Any CPU = Release|Any CPU
	EndGlobalSection
	GlobalSection(ProjectConfigurationPlatforms) = postSolution
		{7FFF5E32-92B4-455E-9381-045A8ED6AE2E}.Debug|Any CPU.ActiveCfg = Debug|Any CPU
		{7FFF5E32-92B4-455E-9381-045A8ED6AE2E}.Debug|Any CPU.Build.0 = Debug|Any CPU
		{7FFF5E32-92B4-455E-9381-045A8ED6AE2E}.Release|Any CPU.ActiveCfg = Release|Any CPU
		{7FFF5E32-92B4-455E-9381-045A8ED6AE2E}.Release|Any CPU.Build.0 = Release|Any CPU
	EndGlobalSection
EndGlobal
