
Microsoft Visual Studio Solution File, Format Version 12.00
# Visual Studio Version 17
VisualStudioVersion = 17.8.34309.116
MinimumVisualStudioVersion = 10.0.40219.1
Project("{9A19103F-16F7-4668-BE54-9A1E7A4F7556}") = "Exercise1", "Exercise1\Exercise1.csproj", "{A79472FF-48D5-4768-BC85-4B665F779891}"
EndProject
Project("{9A19103F-16F7-4668-BE54-9A1E7A4F7556}") = "Exercise2", "Exercise2\Exercise2.csproj", "{4B8F1346-F5DD-4DF1-94F3-91807C7A6539}"
EndProject
Project("{9A19103F-16F7-4668-BE54-9A1E7A4F7556}") = "Exercise3", "Exercise3\Exercise3.csproj", "{515D71BD-15CF-4B27-B0A2-CBFCDE27793F}"
EndProject
Project("{FAE04EC0-301F-11D3-BF4B-00C04F79EFBC}") = "Exercise4", "Exercise4\Exercise4.csproj", "{3F83D4E9-DFFE-4ACA-BC7A-133A3A855B72}"
EndProject
Project("{FAE04EC0-301F-11D3-BF4B-00C04F79EFBC}") = "Exercise5", "Exercise5\Exercise5.csproj", "{D1F057E3-9CCC-42C8-A3D6-B92D10510DC6}"
EndProject
Global
	GlobalSection(SolutionConfigurationPlatforms) = preSolution
		Debug|Any CPU = Debug|Any CPU
		Release|Any CPU = Release|Any CPU
	EndGlobalSection
	GlobalSection(ProjectConfigurationPlatforms) = postSolution
		{A79472FF-48D5-4768-BC85-4B665F779891}.Debug|Any CPU.ActiveCfg = Debug|Any CPU
		{A79472FF-48D5-4768-BC85-4B665F779891}.Debug|Any CPU.Build.0 = Debug|Any CPU
		{A79472FF-48D5-4768-BC85-4B665F779891}.Release|Any CPU.ActiveCfg = Release|Any CPU
		{A79472FF-48D5-4768-BC85-4B665F779891}.Release|Any CPU.Build.0 = Release|Any CPU
		{4B8F1346-F5DD-4DF1-94F3-91807C7A6539}.Debug|Any CPU.ActiveCfg = Debug|Any CPU
		{4B8F1346-F5DD-4DF1-94F3-91807C7A6539}.Debug|Any CPU.Build.0 = Debug|Any CPU
		{4B8F1346-F5DD-4DF1-94F3-91807C7A6539}.Release|Any CPU.ActiveCfg = Release|Any CPU
		{4B8F1346-F5DD-4DF1-94F3-91807C7A6539}.Release|Any CPU.Build.0 = Release|Any CPU
		{515D71BD-15CF-4B27-B0A2-CBFCDE27793F}.Debug|Any CPU.ActiveCfg = Debug|Any CPU
		{515D71BD-15CF-4B27-B0A2-CBFCDE27793F}.Debug|Any CPU.Build.0 = Debug|Any CPU
		{515D71BD-15CF-4B27-B0A2-CBFCDE27793F}.Release|Any CPU.ActiveCfg = Release|Any CPU
		{515D71BD-15CF-4B27-B0A2-CBFCDE27793F}.Release|Any CPU.Build.0 = Release|Any CPU
		{3F83D4E9-DFFE-4ACA-BC7A-133A3A855B72}.Debug|Any CPU.ActiveCfg = Debug|Any CPU
		{3F83D4E9-DFFE-4ACA-BC7A-133A3A855B72}.Debug|Any CPU.Build.0 = Debug|Any CPU
		{3F83D4E9-DFFE-4ACA-BC7A-133A3A855B72}.Release|Any CPU.ActiveCfg = Release|Any CPU
		{3F83D4E9-DFFE-4ACA-BC7A-133A3A855B72}.Release|Any CPU.Build.0 = Release|Any CPU
		{D1F057E3-9CCC-42C8-A3D6-B92D10510DC6}.Debug|Any CPU.ActiveCfg = Debug|Any CPU
		{D1F057E3-9CCC-42C8-A3D6-B92D10510DC6}.Debug|Any CPU.Build.0 = Debug|Any CPU
		{D1F057E3-9CCC-42C8-A3D6-B92D10510DC6}.Release|Any CPU.ActiveCfg = Release|Any CPU
		{D1F057E3-9CCC-42C8-A3D6-B92D10510DC6}.Release|Any CPU.Build.0 = Release|Any CPU
	EndGlobalSection
	GlobalSection(SolutionProperties) = preSolution
		HideSolutionNode = FALSE
	EndGlobalSection
	GlobalSection(ExtensibilityGlobals) = postSolution
		SolutionGuid = {659F48A2-9851-407E-831D-CBB7E2669DB0}
	EndGlobalSection
EndGlobal
