
Microsoft Visual Studio Solution File, Format Version 12.00
# Visual Studio Version 17
VisualStudioVersion = 17.7.34031.279
MinimumVisualStudioVersion = 10.0.40219.1
Project("{888888A0-9F3D-457C-B088-3A5042F75D52}") = "DiscordBot", "DiscordBot\DiscordBot.pyproj", "{68AED5AD-CDE5-41C8-A387-D616E8B45468}"
EndProject
Global
	GlobalSection(SolutionConfigurationPlatforms) = preSolution
		Debug|Any CPU = Debug|Any CPU
		Release|Any CPU = Release|Any CPU
	EndGlobalSection
	GlobalSection(ProjectConfigurationPlatforms) = postSolution
		{68AED5AD-CDE5-41C8-A387-D616E8B45468}.Debug|Any CPU.ActiveCfg = Debug|Any CPU
		{68AED5AD-CDE5-41C8-A387-D616E8B45468}.Release|Any CPU.ActiveCfg = Release|Any CPU
	EndGlobalSection
	GlobalSection(SolutionProperties) = preSolution
		HideSolutionNode = FALSE
	EndGlobalSection
	GlobalSection(ExtensibilityGlobals) = postSolution
		SolutionGuid = {2B04FD76-54C4-447D-9005-E81FC7166AEE}
	EndGlobalSection
EndGlobal
