
Microsoft Visual Studio Solution File, Format Version 12.00
Project("{FAE04EC0-301F-11D3-BF4B-00C04F79EFBC}") = "Recursivitat2", "Recursivitat2\Recursivitat2.csproj", "{E394A843-F877-4CC6-84DE-8722086B229C}"
EndProject
Global
	GlobalSection(SolutionConfigurationPlatforms) = preSolution
		Debug|Any CPU = Debug|Any CPU
		Release|Any CPU = Release|Any CPU
	EndGlobalSection
	GlobalSection(ProjectConfigurationPlatforms) = postSolution
		{E394A843-F877-4CC6-84DE-8722086B229C}.Debug|Any CPU.ActiveCfg = Debug|Any CPU
		{E394A843-F877-4CC6-84DE-8722086B229C}.Debug|Any CPU.Build.0 = Debug|Any CPU
		{E394A843-F877-4CC6-84DE-8722086B229C}.Release|Any CPU.ActiveCfg = Release|Any CPU
		{E394A843-F877-4CC6-84DE-8722086B229C}.Release|Any CPU.Build.0 = Release|Any CPU
	EndGlobalSection
EndGlobal
