
Microsoft Visual Studio Solution File, Format Version 12.00
# Visual Studio Version 17
VisualStudioVersion = 17.8.34309.116
MinimumVisualStudioVersion = 10.0.40219.1
Project("{FAE04EC0-301F-11D3-BF4B-00C04F79EFBC}") = "Exercise 1", "Exercise 1\Exercise 1.csproj", "{39D93212-242B-44FA-8128-B1256CD40AF4}"
EndProject
Project("{FAE04EC0-301F-11D3-BF4B-00C04F79EFBC}") = "Exercise 0", "Exercise 0\Exercise 0.csproj", "{6D0AA619-62E9-4F50-B849-F807BAAB9D73}"
EndProject
Project("{FAE04EC0-301F-11D3-BF4B-00C04F79EFBC}") = "Exercise 2", "Exercise 2\Exercise 2.csproj", "{1090D61C-1915-4371-9149-2AA9AC10B44C}"
EndProject
Project("{FAE04EC0-301F-11D3-BF4B-00C04F79EFBC}") = "Exercise 4", "Exercise 4\Exercise 4.csproj", "{4A84A6B4-02EB-4D0B-8374-1FBD78F4C7F4}"
EndProject
Project("{FAE04EC0-301F-11D3-BF4B-00C04F79EFBC}") = "Exercise 5", "Exercise 5\Exercise 5.csproj", "{750BE48A-AE94-4653-8D7B-0748C85A462B}"
EndProject
Project("{FAE04EC0-301F-11D3-BF4B-00C04F79EFBC}") = "Exercise 6", "Exercise 6\Exercise 6.csproj", "{6922C7B9-46D5-4CC9-A7DE-1A053B5A1219}"
EndProject
Project("{FAE04EC0-301F-11D3-BF4B-00C04F79EFBC}") = "Exercise 7", "Exercise 7\Exercise 7.csproj", "{792A6F35-8284-4FF6-99C2-F403E212F3AF}"
EndProject
Global
	GlobalSection(SolutionConfigurationPlatforms) = preSolution
		Debug|Any CPU = Debug|Any CPU
		Release|Any CPU = Release|Any CPU
	EndGlobalSection
	GlobalSection(ProjectConfigurationPlatforms) = postSolution
		{39D93212-242B-44FA-8128-B1256CD40AF4}.Debug|Any CPU.ActiveCfg = Debug|Any CPU
		{39D93212-242B-44FA-8128-B1256CD40AF4}.Debug|Any CPU.Build.0 = Debug|Any CPU
		{39D93212-242B-44FA-8128-B1256CD40AF4}.Release|Any CPU.ActiveCfg = Release|Any CPU
		{39D93212-242B-44FA-8128-B1256CD40AF4}.Release|Any CPU.Build.0 = Release|Any CPU
		{6D0AA619-62E9-4F50-B849-F807BAAB9D73}.Debug|Any CPU.ActiveCfg = Debug|Any CPU
		{6D0AA619-62E9-4F50-B849-F807BAAB9D73}.Debug|Any CPU.Build.0 = Debug|Any CPU
		{6D0AA619-62E9-4F50-B849-F807BAAB9D73}.Release|Any CPU.ActiveCfg = Release|Any CPU
		{6D0AA619-62E9-4F50-B849-F807BAAB9D73}.Release|Any CPU.Build.0 = Release|Any CPU
		{1090D61C-1915-4371-9149-2AA9AC10B44C}.Debug|Any CPU.ActiveCfg = Debug|Any CPU
		{1090D61C-1915-4371-9149-2AA9AC10B44C}.Debug|Any CPU.Build.0 = Debug|Any CPU
		{1090D61C-1915-4371-9149-2AA9AC10B44C}.Release|Any CPU.ActiveCfg = Release|Any CPU
		{1090D61C-1915-4371-9149-2AA9AC10B44C}.Release|Any CPU.Build.0 = Release|Any CPU
		{4A84A6B4-02EB-4D0B-8374-1FBD78F4C7F4}.Debug|Any CPU.ActiveCfg = Debug|Any CPU
		{4A84A6B4-02EB-4D0B-8374-1FBD78F4C7F4}.Debug|Any CPU.Build.0 = Debug|Any CPU
		{4A84A6B4-02EB-4D0B-8374-1FBD78F4C7F4}.Release|Any CPU.ActiveCfg = Release|Any CPU
		{4A84A6B4-02EB-4D0B-8374-1FBD78F4C7F4}.Release|Any CPU.Build.0 = Release|Any CPU
		{750BE48A-AE94-4653-8D7B-0748C85A462B}.Debug|Any CPU.ActiveCfg = Debug|Any CPU
		{750BE48A-AE94-4653-8D7B-0748C85A462B}.Debug|Any CPU.Build.0 = Debug|Any CPU
		{750BE48A-AE94-4653-8D7B-0748C85A462B}.Release|Any CPU.ActiveCfg = Release|Any CPU
		{750BE48A-AE94-4653-8D7B-0748C85A462B}.Release|Any CPU.Build.0 = Release|Any CPU
		{6922C7B9-46D5-4CC9-A7DE-1A053B5A1219}.Debug|Any CPU.ActiveCfg = Debug|Any CPU
		{6922C7B9-46D5-4CC9-A7DE-1A053B5A1219}.Debug|Any CPU.Build.0 = Debug|Any CPU
		{6922C7B9-46D5-4CC9-A7DE-1A053B5A1219}.Release|Any CPU.ActiveCfg = Release|Any CPU
		{6922C7B9-46D5-4CC9-A7DE-1A053B5A1219}.Release|Any CPU.Build.0 = Release|Any CPU
		{792A6F35-8284-4FF6-99C2-F403E212F3AF}.Debug|Any CPU.ActiveCfg = Debug|Any CPU
		{792A6F35-8284-4FF6-99C2-F403E212F3AF}.Debug|Any CPU.Build.0 = Debug|Any CPU
		{792A6F35-8284-4FF6-99C2-F403E212F3AF}.Release|Any CPU.ActiveCfg = Release|Any CPU
		{792A6F35-8284-4FF6-99C2-F403E212F3AF}.Release|Any CPU.Build.0 = Release|Any CPU
	EndGlobalSection
	GlobalSection(SolutionProperties) = preSolution
		HideSolutionNode = FALSE
	EndGlobalSection
	GlobalSection(ExtensibilityGlobals) = postSolution
		SolutionGuid = {024F22B3-DE5C-4284-BA32-277C1A976E84}
	EndGlobalSection
EndGlobal
